
Microsoft Visual Studio Solution File, Format Version 12.00
# Visual Studio Version 17
VisualStudioVersion = 17.7.34031.279
MinimumVisualStudioVersion = 10.0.40219.1
Project("{9A19103F-16F7-4668-BE54-9A1E7A4F7556}") = "Api", "Api\Api.csproj", "{D353E77A-82C8-48F1-9E4D-73D78EB29C9C}"
EndProject
Global
	GlobalSection(SolutionConfigurationPlatforms) = preSolution
		Debug|Any CPU = Debug|Any CPU
		Release|Any CPU = Release|Any CPU
	EndGlobalSection
	GlobalSection(ProjectConfigurationPlatforms) = postSolution
		{D353E77A-82C8-48F1-9E4D-73D78EB29C9C}.Debug|Any CPU.ActiveCfg = Debug|Any CPU
		{D353E77A-82C8-48F1-9E4D-73D78EB29C9C}.Debug|Any CPU.Build.0 = Debug|Any CPU
		{D353E77A-82C8-48F1-9E4D-73D78EB29C9C}.Release|Any CPU.ActiveCfg = Release|Any CPU
		{D353E77A-82C8-48F1-9E4D-73D78EB29C9C}.Release|Any CPU.Build.0 = Release|Any CPU
	EndGlobalSection
	GlobalSection(SolutionProperties) = preSolution
		HideSolutionNode = FALSE
	EndGlobalSection
	GlobalSection(ExtensibilityGlobals) = postSolution
		SolutionGuid = {0351382E-7CE3-4449-A212-1C8F56A3B55F}
	EndGlobalSection 
EndGlobal
